
Microsoft Visual Studio Solution File, Format Version 12.00
# Visual Studio Version 17
VisualStudioVersion = 17.5.001.0
MinimumVisualStudioVersion = 10.0.40219.1
Project("{9A19103F-16F7-4668-BE54-9A1E7A4F7556}") = "chatgpt_nes_emulator", "chatgpt_nes_emulator.csproj", "{AC18B694-4A84-4DD5-8810-C91CE954B69B}"
EndProject
Global
	GlobalSection(SolutionConfigurationPlatforms) = preSolution
		Debug|Any CPU = Debug|Any CPU
		Release|Any CPU = Release|Any CPU
	EndGlobalSection
	GlobalSection(ProjectConfigurationPlatforms) = postSolution
		{AC18B694-4A84-4DD5-8810-C91CE954B69B}.Debug|Any CPU.ActiveCfg = Debug|Any CPU
		{AC18B694-4A84-4DD5-8810-C91CE954B69B}.Debug|Any CPU.Build.0 = Debug|Any CPU
		{AC18B694-4A84-4DD5-8810-C91CE954B69B}.Release|Any CPU.ActiveCfg = Release|Any CPU
		{AC18B694-4A84-4DD5-8810-C91CE954B69B}.Release|Any CPU.Build.0 = Release|Any CPU
	EndGlobalSection
	GlobalSection(SolutionProperties) = preSolution
		HideSolutionNode = FALSE
	EndGlobalSection
	GlobalSection(ExtensibilityGlobals) = postSolution
		SolutionGuid = {9B5C6FED-A934-473B-B8A5-50466AA1CDFA}
	EndGlobalSection
EndGlobal
